// !$*UTF8*$!
{
	archiveVersion = 1;
	classes = {
	};
	objectVersion = 56;
	objects = {

/* Begin PBXBuildFile section */
		A10000000000000000000001 /* FissionDesktopApp.swift in Sources */ = {isa = PBXBuildFile; fileRef = A20000000000000000000001 /* FissionDesktopApp.swift */; };
		A10000000000000000000002 /* ThreadListView.swift in Sources */ = {isa = PBXBuildFile; fileRef = A20000000000000000000002 /* ThreadListView.swift */; };
		A10000000000000000000003 /* ThreadListViewModel.swift in Sources */ = {isa = PBXBuildFile; fileRef = A20000000000000000000003 /* ThreadListViewModel.swift */; };
		A10000000000000000000004 /* FissionCore in Frameworks */ = {isa = PBXBuildFile; productRef = A90000000000000000000001 /* FissionCore */; };
		A10000000000000000000005 /* TerminalWorkspaceView.swift in Sources */ = {isa = PBXBuildFile; fileRef = A20000000000000000000005 /* TerminalWorkspaceView.swift */; };
		A10000000000000000000006 /* GhosttyTerminal in Frameworks */ = {isa = PBXBuildFile; productRef = A90000000000000000000004 /* GhosttyTerminal */; };
		A10000000000000000000007 /* NewThreadSheet.swift in Sources */ = {isa = PBXBuildFile; fileRef = A20000000000000000000007 /* NewThreadSheet.swift */; };
		A10000000000000000000008 /* HoverFeedback.swift in Sources */ = {isa = PBXBuildFile; fileRef = A20000000000000000000008 /* HoverFeedback.swift */; };
		A10000000000000000000009 /* ThreadHeaderTitle.swift in Sources */ = {isa = PBXBuildFile; fileRef = A20000000000000000000009 /* ThreadHeaderTitle.swift */; };
/* End PBXBuildFile section */

/* Begin PBXFileReference section */
		A20000000000000000000001 /* FissionDesktopApp.swift */ = {isa = PBXFileReference; lastKnownFileType = sourcecode.swift; path = FissionDesktopApp.swift; sourceTree = "<group>"; };
		A20000000000000000000002 /* ThreadListView.swift */ = {isa = PBXFileReference; lastKnownFileType = sourcecode.swift; path = ThreadListView.swift; sourceTree = "<group>"; };
		A20000000000000000000003 /* ThreadListViewModel.swift */ = {isa = PBXFileReference; lastKnownFileType = sourcecode.swift; path = ThreadListViewModel.swift; sourceTree = "<group>"; };
		A20000000000000000000004 /* FissionDesktop.app */ = {isa = PBXFileReference; explicitFileType = wrapper.application; includeInIndex = 0; path = FissionDesktop.app; sourceTree = BUILT_PRODUCTS_DIR; };
		A20000000000000000000005 /* TerminalWorkspaceView.swift */ = {isa = PBXFileReference; lastKnownFileType = sourcecode.swift; path = TerminalWorkspaceView.swift; sourceTree = "<group>"; };
		A20000000000000000000007 /* NewThreadSheet.swift */ = {isa = PBXFileReference; lastKnownFileType = sourcecode.swift; path = NewThreadSheet.swift; sourceTree = "<group>"; };
		A20000000000000000000008 /* HoverFeedback.swift */ = {isa = PBXFileReference; lastKnownFileType = sourcecode.swift; path = HoverFeedback.swift; sourceTree = "<group>"; };
		A20000000000000000000009 /* ThreadHeaderTitle.swift */ = {isa = PBXFileReference; lastKnownFileType = sourcecode.swift; path = ThreadHeaderTitle.swift; sourceTree = "<group>"; };
/* End PBXFileReference section */

/* Begin PBXFrameworksBuildPhase section */
		A30000000000000000000001 /* Frameworks */ = {
			isa = PBXFrameworksBuildPhase;
			buildActionMask = 2147483647;
			files = (
				A10000000000000000000004 /* FissionCore in Frameworks */,
				A10000000000000000000006 /* GhosttyTerminal in Frameworks */,
			);
			runOnlyForDeploymentPostprocessing = 0;
		};
/* End PBXFrameworksBuildPhase section */

/* Begin PBXGroup section */
		A40000000000000000000001 = {
			isa = PBXGroup;
			children = (
				A40000000000000000000002 /* Sources */,
				A40000000000000000000005 /* Products */,
			);
			sourceTree = "<group>";
		};
		A40000000000000000000002 /* Sources */ = {
			isa = PBXGroup;
			children = (
				A40000000000000000000003 /* App */,
				A40000000000000000000004 /* Threads */,
				A40000000000000000000006 /* Terminal */,
			);
			path = Sources;
			sourceTree = "<group>";
		};
		A40000000000000000000003 /* App */ = {
			isa = PBXGroup;
			children = (
				A20000000000000000000001 /* FissionDesktopApp.swift */,
				A20000000000000000000008 /* HoverFeedback.swift */,
			);
			path = App;
			sourceTree = "<group>";
		};
		A40000000000000000000004 /* Threads */ = {
			isa = PBXGroup;
			children = (
				A20000000000000000000002 /* ThreadListView.swift */,
				A20000000000000000000003 /* ThreadListViewModel.swift */,
				A20000000000000000000007 /* NewThreadSheet.swift */,
				A20000000000000000000009 /* ThreadHeaderTitle.swift */,
			);
			path = Threads;
			sourceTree = "<group>";
		};
		A40000000000000000000006 /* Terminal */ = {
			isa = PBXGroup;
			children = (
				A20000000000000000000005 /* TerminalWorkspaceView.swift */,
			);
			path = Terminal;
			sourceTree = "<group>";
		};
		A40000000000000000000005 /* Products */ = {
			isa = PBXGroup;
			children = (
				A20000000000000000000004 /* FissionDesktop.app */,
			);
			name = Products;
			sourceTree = "<group>";
		};
/* End PBXGroup section */

/* Begin PBXNativeTarget section */
		A50000000000000000000001 /* FissionDesktop */ = {
			isa = PBXNativeTarget;
			buildConfigurationList = A80000000000000000000002 /* Build configuration list for PBXNativeTarget "FissionDesktop" */;
			buildPhases = (
				A60000000000000000000001 /* Sources */,
				A30000000000000000000001 /* Frameworks */,
				A60000000000000000000002 /* Resources */,
			);
			buildRules = (
			);
			dependencies = (
			);
			name = FissionDesktop;
			packageProductDependencies = (
				A90000000000000000000001 /* FissionCore */,
				A90000000000000000000004 /* GhosttyTerminal */,
			);
			productName = FissionDesktop;
			productReference = A20000000000000000000004 /* FissionDesktop.app */;
			productType = "com.apple.product-type.application";
		};
/* End PBXNativeTarget section */

/* Begin PBXProject section */
		A70000000000000000000001 /* Project object */ = {
			isa = PBXProject;
			attributes = {
				BuildIndependentTargetsInParallel = 1;
				LastSwiftUpdateCheck = 2660;
				LastUpgradeCheck = 2660;
				TargetAttributes = {
					A50000000000000000000001 = {
						CreatedOnToolsVersion = 26.0;
					};
				};
			};
			buildConfigurationList = A80000000000000000000001 /* Build configuration list for PBXProject "FissionDesktop" */;
			compatibilityVersion = "Xcode 14.0";
			developmentRegion = en;
			hasScannedForEncodings = 0;
			knownRegions = (
				en,
				Base,
			);
			mainGroup = A40000000000000000000001;
			packageReferences = (
				A90000000000000000000002 /* XCLocalSwiftPackageReference "Core" */,
				A90000000000000000000003 /* XCRemoteSwiftPackageReference "libghostty-spm" */,
			);
			productRefGroup = A40000000000000000000005 /* Products */;
			projectDirPath = "";
			projectRoot = "";
			targets = (
				A50000000000000000000001 /* FissionDesktop */,
			);
		};
/* End PBXProject section */

/* Begin PBXResourcesBuildPhase section */
		A60000000000000000000002 /* Resources */ = {
			isa = PBXResourcesBuildPhase;
			buildActionMask = 2147483647;
			files = (
			);
			runOnlyForDeploymentPostprocessing = 0;
		};
/* End PBXResourcesBuildPhase section */

/* Begin PBXSourcesBuildPhase section */
		A60000000000000000000001 /* Sources */ = {
			isa = PBXSourcesBuildPhase;
			buildActionMask = 2147483647;
			files = (
				A10000000000000000000001 /* FissionDesktopApp.swift in Sources */,
				A10000000000000000000002 /* ThreadListView.swift in Sources */,
				A10000000000000000000003 /* ThreadListViewModel.swift in Sources */,
				A10000000000000000000005 /* TerminalWorkspaceView.swift in Sources */,
				A10000000000000000000007 /* NewThreadSheet.swift in Sources */,
				A10000000000000000000008 /* HoverFeedback.swift in Sources */,
				A10000000000000000000009 /* ThreadHeaderTitle.swift in Sources */,
			);
			runOnlyForDeploymentPostprocessing = 0;
		};
/* End PBXSourcesBuildPhase section */

/* Begin XCBuildConfiguration section */
		A80000000000000000000003 /* Debug */ = {
			isa = XCBuildConfiguration;
			buildSettings = {
				ALWAYS_SEARCH_USER_PATHS = NO;
				CLANG_ENABLE_MODULES = YES;
				CLANG_ENABLE_OBJC_ARC = YES;
				COPY_PHASE_STRIP = NO;
				DEBUG_INFORMATION_FORMAT = dwarf;
				ENABLE_TESTABILITY = YES;
				GCC_C_LANGUAGE_STANDARD = gnu17;
				GCC_OPTIMIZATION_LEVEL = 0;
				ONLY_ACTIVE_ARCH = YES;
				SWIFT_ACTIVE_COMPILATION_CONDITIONS = "DEBUG $(inherited)";
				SWIFT_OPTIMIZATION_LEVEL = "-Onone";
			};
			name = Debug;
		};
		A80000000000000000000004 /* Release */ = {
			isa = XCBuildConfiguration;
			buildSettings = {
				ALWAYS_SEARCH_USER_PATHS = NO;
				CLANG_ENABLE_MODULES = YES;
				CLANG_ENABLE_OBJC_ARC = YES;
				COPY_PHASE_STRIP = YES;
				DEBUG_INFORMATION_FORMAT = "dwarf-with-dsym";
				GCC_C_LANGUAGE_STANDARD = gnu17;
				SWIFT_COMPILATION_MODE = wholemodule;
			};
			name = Release;
		};
		A80000000000000000000005 /* Debug */ = {
			isa = XCBuildConfiguration;
			buildSettings = {
				CODE_SIGN_STYLE = Automatic;
				CURRENT_PROJECT_VERSION = 1;
				GENERATE_INFOPLIST_FILE = YES;
				ENABLE_HARDENED_RUNTIME = YES;
				INFOPLIST_KEY_LSApplicationCategoryType = "public.app-category.developer-tools";
				MACOSX_DEPLOYMENT_TARGET = 14.0;
				MARKETING_VERSION = 1.0;
				PRODUCT_BUNDLE_IDENTIFIER = com.fission.desktop;
				PRODUCT_NAME = "$(TARGET_NAME)";
				SDKROOT = macosx;
				SUPPORTED_PLATFORMS = macosx;
				SWIFT_EMIT_LOC_STRINGS = YES;
				SWIFT_VERSION = 6.0;
			};
			name = Debug;
		};
		A80000000000000000000006 /* Release */ = {
			isa = XCBuildConfiguration;
			buildSettings = {
				CODE_SIGN_STYLE = Automatic;
				CURRENT_PROJECT_VERSION = 1;
				GENERATE_INFOPLIST_FILE = YES;
				ENABLE_HARDENED_RUNTIME = YES;
				INFOPLIST_KEY_LSApplicationCategoryType = "public.app-category.developer-tools";
				MACOSX_DEPLOYMENT_TARGET = 14.0;
				MARKETING_VERSION = 1.0;
				PRODUCT_BUNDLE_IDENTIFIER = com.fission.desktop;
				PRODUCT_NAME = "$(TARGET_NAME)";
				SDKROOT = macosx;
				SUPPORTED_PLATFORMS = macosx;
				SWIFT_EMIT_LOC_STRINGS = YES;
				SWIFT_VERSION = 6.0;
			};
			name = Release;
		};
/* End XCBuildConfiguration section */

/* Begin XCConfigurationList section */
		A80000000000000000000001 /* Build configuration list for PBXProject "FissionDesktop" */ = {
			isa = XCConfigurationList;
			buildConfigurations = (
				A80000000000000000000003 /* Debug */,
				A80000000000000000000004 /* Release */,
			);
			defaultConfigurationIsVisible = 0;
			defaultConfigurationName = Release;
		};
		A80000000000000000000002 /* Build configuration list for PBXNativeTarget "FissionDesktop" */ = {
			isa = XCConfigurationList;
			buildConfigurations = (
				A80000000000000000000005 /* Debug */,
				A80000000000000000000006 /* Release */,
			);
			defaultConfigurationIsVisible = 0;
			defaultConfigurationName = Release;
		};
/* End XCConfigurationList section */

/* Begin XCLocalSwiftPackageReference section */
		A90000000000000000000002 /* XCLocalSwiftPackageReference "Core" */ = {
			isa = XCLocalSwiftPackageReference;
			relativePath = ../../Packages/Core;
		};
/* End XCLocalSwiftPackageReference section */

/* Begin XCRemoteSwiftPackageReference section */
		A90000000000000000000003 /* XCRemoteSwiftPackageReference "libghostty-spm" */ = {
			isa = XCRemoteSwiftPackageReference;
			repositoryURL = "https://github.com/Lakr233/libghostty-spm.git";
			requirement = {
				kind = upToNextMajorVersion;
				minimumVersion = 1.5.1;
			};
		};
/* End XCRemoteSwiftPackageReference section */

/* Begin XCSwiftPackageProductDependency section */
		A90000000000000000000001 /* FissionCore */ = {
			isa = XCSwiftPackageProductDependency;
			package = A90000000000000000000002 /* XCLocalSwiftPackageReference "Core" */;
			productName = FissionCore;
		};
		A90000000000000000000004 /* GhosttyTerminal */ = {
			isa = XCSwiftPackageProductDependency;
			package = A90000000000000000000003 /* XCRemoteSwiftPackageReference "libghostty-spm" */;
			productName = GhosttyTerminal;
		};
/* End XCSwiftPackageProductDependency section */
	};
	rootObject = A70000000000000000000001 /* Project object */;
}
